
Microsoft Visual Studio Solution File, Format Version 12.00
Project("{FAE04EC0-301F-11D3-BF4B-00C04F79EFBC}") = "VrChatModdingTest", "VrChatModdingTest\VrChatModdingTest.csproj", "{E7C2AE7F-40C4-49BC-B401-CDE40DAE33C5}"
EndProject
Project("{FAE04EC0-301F-11D3-BF4B-00C04F79EFBC}") = "VRChatReplPort", "VRChatReplPort\VRChatReplPort.csproj", "{1DB7B5ED-941A-4702-900A-43ECBDFC6B52}"
EndProject
Project("{D954291E-2A0B-460D-934E-DC6B0785DB48}") = "JintFiles", "JintFiles\JintFiles.shproj", "{44D92D43-2DE7-4289-80D8-C603E6ED1F01}"
EndProject
Global
	GlobalSection(SolutionConfigurationPlatforms) = preSolution
		Debug|Any CPU = Debug|Any CPU
		Release|Any CPU = Release|Any CPU
	EndGlobalSection
	GlobalSection(ProjectConfigurationPlatforms) = postSolution
		{E7C2AE7F-40C4-49BC-B401-CDE40DAE33C5}.Debug|Any CPU.ActiveCfg = Debug|Any CPU
		{E7C2AE7F-40C4-49BC-B401-CDE40DAE33C5}.Debug|Any CPU.Build.0 = Debug|Any CPU
		{E7C2AE7F-40C4-49BC-B401-CDE40DAE33C5}.Release|Any CPU.ActiveCfg = Release|Any CPU
		{E7C2AE7F-40C4-49BC-B401-CDE40DAE33C5}.Release|Any CPU.Build.0 = Release|Any CPU
		{1DB7B5ED-941A-4702-900A-43ECBDFC6B52}.Debug|Any CPU.ActiveCfg = Debug|Any CPU
		{1DB7B5ED-941A-4702-900A-43ECBDFC6B52}.Debug|Any CPU.Build.0 = Debug|Any CPU
		{1DB7B5ED-941A-4702-900A-43ECBDFC6B52}.Release|Any CPU.ActiveCfg = Release|Any CPU
		{1DB7B5ED-941A-4702-900A-43ECBDFC6B52}.Release|Any CPU.Build.0 = Release|Any CPU
	EndGlobalSection
EndGlobal
